Microsoft Visual Studio Solution File, Format Version 11.00
# Visual Studio 2008

Project("{DB3C145D-02B2-6BF7-1ABD-269C9D15B355}") = "twitter-search-with-unity", "Assembly-CSharp-firstpass.csproj", "{3A046979-DE57-E8E7-619B-F44162C05166}"
EndProject
Project("{DB3C145D-02B2-6BF7-1ABD-269C9D15B355}") = "twitter-search-with-unity", "Assembly-CSharp.csproj", "{D7C5DC37-46EC-8A6F-7301-D3238FFEA007}"
EndProject
Project("{DB3C145D-02B2-6BF7-1ABD-269C9D15B355}") = "twitter-search-with-unity", "Assembly-CSharp-Editor.csproj", "{5E014A84-4AF2-D1B5-672B-41F2E1EE5EB7}"
EndProject
Global
	GlobalSection(SolutionConfigurationPlatforms) = preSolution
		Debug|Any CPU = Debug|Any CPU
		Release|Any CPU = Release|Any CPU
	EndGlobalSection
	GlobalSection(ProjectConfigurationPlatforms) = postSolution
		{3A046979-DE57-E8E7-619B-F44162C05166}.Debug|Any CPU.ActiveCfg = Debug|Any CPU
		{3A046979-DE57-E8E7-619B-F44162C05166}.Debug|Any CPU.Build.0 = Debug|Any CPU
		{3A046979-DE57-E8E7-619B-F44162C05166}.Release|Any CPU.ActiveCfg = Release|Any CPU
		{3A046979-DE57-E8E7-619B-F44162C05166}.Release|Any CPU.Build.0 = Release|Any CPU
		{D7C5DC37-46EC-8A6F-7301-D3238FFEA007}.Debug|Any CPU.ActiveCfg = Debug|Any CPU
		{D7C5DC37-46EC-8A6F-7301-D3238FFEA007}.Debug|Any CPU.Build.0 = Debug|Any CPU
		{D7C5DC37-46EC-8A6F-7301-D3238FFEA007}.Release|Any CPU.ActiveCfg = Release|Any CPU
		{D7C5DC37-46EC-8A6F-7301-D3238FFEA007}.Release|Any CPU.Build.0 = Release|Any CPU
		{5E014A84-4AF2-D1B5-672B-41F2E1EE5EB7}.Debug|Any CPU.ActiveCfg = Debug|Any CPU
		{5E014A84-4AF2-D1B5-672B-41F2E1EE5EB7}.Debug|Any CPU.Build.0 = Debug|Any CPU
		{5E014A84-4AF2-D1B5-672B-41F2E1EE5EB7}.Release|Any CPU.ActiveCfg = Release|Any CPU
		{5E014A84-4AF2-D1B5-672B-41F2E1EE5EB7}.Release|Any CPU.Build.0 = Release|Any CPU
	EndGlobalSection
	GlobalSection(SolutionProperties) = preSolution
		HideSolutionNode = FALSE
	EndGlobalSection
											GlobalSection(MonoDevelopProperties) = preSolution
		StartupItem = Assembly-CSharp.csproj
		Policies = $0
		$0.TextStylePolicy = $1
		$1.inheritsSet = null
		$1.scope = text/x-csharp
		$0.CSharpFormattingPolicy = $2
		$2.inheritsSet = Mono
		$2.inheritsScope = text/x-csharp
		$2.scope = text/x-csharp
		$0.TextStylePolicy = $3
		$3.FileWidth = 120
		$3.TabWidth = 4
		$3.IndentWidth = 4
		$3.EolMarker = Unix
		$3.inheritsSet = Mono
		$3.inheritsScope = text/plain
		$3.scope = text/plain
	EndGlobalSection

EndGlobal
